
Microsoft Visual Studio Solution File, Format Version 12.00
# Visual Studio Version 16
VisualStudioVersion = 16.0.32106.194
MinimumVisualStudioVersion = 10.0.40219.1
Project("{FAE04EC0-301F-11D3-BF4B-00C04F79EFBC}") = "TDDCursusLibrary", "TDDCursusLibrary.csproj", "{9E0F97D5-FE58-4CF4-BB36-F772C2841DD2}"
EndProject
Project("{FAE04EC0-301F-11D3-BF4B-00C04F79EFBC}") = "TDDCursusLibraryTest", "..\TDDCursusLibraryTest\TDDCursusLibraryTest.csproj", "{E890A864-9D82-4BB8-8124-D81C904D90F4}"
EndProject
Global
	GlobalSection(SolutionConfigurationPlatforms) = preSolution
		Debug|Any CPU = Debug|Any CPU
		Release|Any CPU = Release|Any CPU
	EndGlobalSection
	GlobalSection(ProjectConfigurationPlatforms) = postSolution
		{9E0F97D5-FE58-4CF4-BB36-F772C2841DD2}.Debug|Any CPU.ActiveCfg = Debug|Any CPU
		{9E0F97D5-FE58-4CF4-BB36-F772C2841DD2}.Debug|Any CPU.Build.0 = Debug|Any CPU
		{9E0F97D5-FE58-4CF4-BB36-F772C2841DD2}.Release|Any CPU.ActiveCfg = Release|Any CPU
		{9E0F97D5-FE58-4CF4-BB36-F772C2841DD2}.Release|Any CPU.Build.0 = Release|Any CPU
		{E890A864-9D82-4BB8-8124-D81C904D90F4}.Debug|Any CPU.ActiveCfg = Debug|Any CPU
		{E890A864-9D82-4BB8-8124-D81C904D90F4}.Debug|Any CPU.Build.0 = Debug|Any CPU
		{E890A864-9D82-4BB8-8124-D81C904D90F4}.Release|Any CPU.ActiveCfg = Release|Any CPU
		{E890A864-9D82-4BB8-8124-D81C904D90F4}.Release|Any CPU.Build.0 = Release|Any CPU
	EndGlobalSection
	GlobalSection(SolutionProperties) = preSolution
		HideSolutionNode = FALSE
	EndGlobalSection
	GlobalSection(ExtensibilityGlobals) = postSolution
		SolutionGuid = {DA0CA530-7DC6-448C-A680-0C96621B2EAF}
	EndGlobalSection
EndGlobal
